// !$*UTF8*$!
{
	archiveVersion = 1;
	classes = {
	};
	objectVersion = 48;
	objects = {

/* Begin PBXBuildFile section */
		5D0A21E220B40EBB00645902 /* AppDelegate.swift in Sources */ = {isa = PBXBuildFile; fileRef = 5D0A21E120B40EBB00645902 /* AppDelegate.swift */; };
		5D0A21E420B40EBB00645902 /* ViewController.swift in Sources */ = {isa = PBXBuildFile; fileRef = 5D0A21E320B40EBB00645902 /* ViewController.swift */; };
		5D0A21E720B40EBB00645902 /* Main.storyboard in Resources */ = {isa = PBXBuildFile; fileRef = 5D0A21E520B40EBB00645902 /* Main.storyboard */; };
		5D0A21E920B40EBB00645902 /* Assets.xcassets in Resources */ = {isa = PBXBuildFile; fileRef = 5D0A21E820B40EBB00645902 /* Assets.xcassets */; };
		5D0A21EC20B40EBB00645902 /* LaunchScreen.storyboard in Resources */ = {isa = PBXBuildFile; fileRef = 5D0A21EA20B40EBB00645902 /* LaunchScreen.storyboard */; };
		5D0A21F420B40EEF00645902 /* CollectionViewController.swift in Sources */ = {isa = PBXBuildFile; fileRef = 5D0A21F320B40EEF00645902 /* CollectionViewController.swift */; };
		5D0A21F620B40EF400645902 /* DetailViewController.swift in Sources */ = {isa = PBXBuildFile; fileRef = 5D0A21F520B40EF300645902 /* DetailViewController.swift */; };
		5D0A21F820B40EF900645902 /* ImageCell.swift in Sources */ = {isa = PBXBuildFile; fileRef = 5D0A21F720B40EF800645902 /* ImageCell.swift */; };
/* End PBXBuildFile section */

/* Begin PBXFileReference section */
		5D0A21DE20B40EBB00645902 /* SwipeZoomOutSample.app */ = {isa = PBXFileReference; explicitFileType = wrapper.application; includeInIndex = 0; path = SwipeZoomOutSample.app; sourceTree = BUILT_PRODUCTS_DIR; };
		5D0A21E120B40EBB00645902 /* AppDelegate.swift */ = {isa = PBXFileReference; lastKnownFileType = sourcecode.swift; path = AppDelegate.swift; sourceTree = "<group>"; };
		5D0A21E320B40EBB00645902 /* ViewController.swift */ = {isa = PBXFileReference; lastKnownFileType = sourcecode.swift; path = ViewController.swift; sourceTree = "<group>"; };
		5D0A21E620B40EBB00645902 /* Base */ = {isa = PBXFileReference; lastKnownFileType = file.storyboard; name = Base; path = Base.lproj/Main.storyboard; sourceTree = "<group>"; };
		5D0A21E820B40EBB00645902 /* Assets.xcassets */ = {isa = PBXFileReference; lastKnownFileType = folder.assetcatalog; path = Assets.xcassets; sourceTree = "<group>"; };
		5D0A21EB20B40EBB00645902 /* Base */ = {isa = PBXFileReference; lastKnownFileType = file.storyboard; name = Base; path = Base.lproj/LaunchScreen.storyboard; sourceTree = "<group>"; };
		5D0A21ED20B40EBB00645902 /* Info.plist */ = {isa = PBXFileReference; lastKnownFileType = text.plist.xml; path = Info.plist; sourceTree = "<group>"; };
		5D0A21F320B40EEF00645902 /* CollectionViewController.swift */ = {isa = PBXFileReference; fileEncoding = 4; lastKnownFileType = sourcecode.swift; path = CollectionViewController.swift; sourceTree = "<group>"; };
		5D0A21F520B40EF300645902 /* DetailViewController.swift */ = {isa = PBXFileReference; fileEncoding = 4; lastKnownFileType = sourcecode.swift; path = DetailViewController.swift; sourceTree = "<group>"; };
		5D0A21F720B40EF800645902 /* ImageCell.swift */ = {isa = PBXFileReference; fileEncoding = 4; lastKnownFileType = sourcecode.swift; path = ImageCell.swift; sourceTree = "<group>"; };
/* End PBXFileReference section */

/* Begin PBXFrameworksBuildPhase section */
		5D0A21DB20B40EBB00645902 /* Frameworks */ = {
			isa = PBXFrameworksBuildPhase;
			buildActionMask = 2147483647;
			files = (
			);
			runOnlyForDeploymentPostprocessing = 0;
		};
/* End PBXFrameworksBuildPhase section */

/* Begin PBXGroup section */
		5D0A21D520B40EBB00645902 = {
			isa = PBXGroup;
			children = (
				5D0A21E020B40EBB00645902 /* SwipeZoomOutSample */,
				5D0A21DF20B40EBB00645902 /* Products */,
			);
			sourceTree = "<group>";
		};
		5D0A21DF20B40EBB00645902 /* Products */ = {
			isa = PBXGroup;
			children = (
				5D0A21DE20B40EBB00645902 /* SwipeZoomOutSample.app */,
			);
			name = Products;
			sourceTree = "<group>";
		};
		5D0A21E020B40EBB00645902 /* SwipeZoomOutSample */ = {
			isa = PBXGroup;
			children = (
				5D0A21E120B40EBB00645902 /* AppDelegate.swift */,
				5D0A21E320B40EBB00645902 /* ViewController.swift */,
				5D0A21E520B40EBB00645902 /* Main.storyboard */,
				5D0A21E820B40EBB00645902 /* Assets.xcassets */,
				5D0A21EA20B40EBB00645902 /* LaunchScreen.storyboard */,
				5D0A21F320B40EEF00645902 /* CollectionViewController.swift */,
				5D0A21F520B40EF300645902 /* DetailViewController.swift */,
				5D0A21F720B40EF800645902 /* ImageCell.swift */,
				5D0A21ED20B40EBB00645902 /* Info.plist */,
			);
			path = SwipeZoomOutSample;
			sourceTree = "<group>";
		};
/* End PBXGroup section */

/* Begin PBXNativeTarget section */
		5D0A21DD20B40EBB00645902 /* SwipeZoomOutSample */ = {
			isa = PBXNativeTarget;
			buildConfigurationList = 5D0A21F020B40EBB00645902 /* Build configuration list for PBXNativeTarget "SwipeZoomOutSample" */;
			buildPhases = (
				5D0A21DA20B40EBB00645902 /* Sources */,
				5D0A21DB20B40EBB00645902 /* Frameworks */,
				5D0A21DC20B40EBB00645902 /* Resources */,
			);
			buildRules = (
			);
			dependencies = (
			);
			name = SwipeZoomOutSample;
			productName = SwipeZoomOutSample;
			productReference = 5D0A21DE20B40EBB00645902 /* SwipeZoomOutSample.app */;
			productType = "com.apple.product-type.application";
		};
/* End PBXNativeTarget section */

/* Begin PBXProject section */
		5D0A21D620B40EBB00645902 /* Project object */ = {
			isa = PBXProject;
			attributes = {
				LastSwiftUpdateCheck = 0920;
				LastUpgradeCheck = 0920;
				ORGANIZATIONNAME = "Bunguu inc";
				TargetAttributes = {
					5D0A21DD20B40EBB00645902 = {
						CreatedOnToolsVersion = 9.2;
						ProvisioningStyle = Automatic;
					};
				};
			};
			buildConfigurationList = 5D0A21D920B40EBB00645902 /* Build configuration list for PBXProject "SwipeZoomOutSample" */;
			compatibilityVersion = "Xcode 8.0";
			developmentRegion = en;
			hasScannedForEncodings = 0;
			knownRegions = (
				en,
				Base,
			);
			mainGroup = 5D0A21D520B40EBB00645902;
			productRefGroup = 5D0A21DF20B40EBB00645902 /* Products */;
			projectDirPath = "";
			projectRoot = "";
			targets = (
				5D0A21DD20B40EBB00645902 /* SwipeZoomOutSample */,
			);
		};
/* End PBXProject section */

/* Begin PBXResourcesBuildPhase section */
		5D0A21DC20B40EBB00645902 /* Resources */ = {
			isa = PBXResourcesBuildPhase;
			buildActionMask = 2147483647;
			files = (
				5D0A21EC20B40EBB00645902 /* LaunchScreen.storyboard in Resources */,
				5D0A21E920B40EBB00645902 /* Assets.xcassets in Resources */,
				5D0A21E720B40EBB00645902 /* Main.storyboard in Resources */,
			);
			runOnlyForDeploymentPostprocessing = 0;
		};
/* End PBXResourcesBuildPhase section */

/* Begin PBXSourcesBuildPhase section */
		5D0A21DA20B40EBB00645902 /* Sources */ = {
			isa = PBXSourcesBuildPhase;
			buildActionMask = 2147483647;
			files = (
				5D0A21F420B40EEF00645902 /* CollectionViewController.swift in Sources */,
				5D0A21E420B40EBB00645902 /* ViewController.swift in Sources */,
				5D0A21E220B40EBB00645902 /* AppDelegate.swift in Sources */,
				5D0A21F620B40EF400645902 /* DetailViewController.swift in Sources */,
				5D0A21F820B40EF900645902 /* ImageCell.swift in Sources */,
			);
			runOnlyForDeploymentPostprocessing = 0;
		};
/* End PBXSourcesBuildPhase section */

/* Begin PBXVariantGroup section */
		5D0A21E520B40EBB00645902 /* Main.storyboard */ = {
			isa = PBXVariantGroup;
			children = (
				5D0A21E620B40EBB00645902 /* Base */,
			);
			name = Main.storyboard;
			sourceTree = "<group>";
		};
		5D0A21EA20B40EBB00645902 /* LaunchScreen.storyboard */ = {
			isa = PBXVariantGroup;
			children = (
				5D0A21EB20B40EBB00645902 /* Base */,
			);
			name = LaunchScreen.storyboard;
			sourceTree = "<group>";
		};
/* End PBXVariantGroup section */

/* Begin XCBuildConfiguration section */
		5D0A21EE20B40EBB00645902 /* Debug */ = {
			isa = XCBuildConfiguration;
			buildSettings = {
				ALWAYS_SEARCH_USER_PATHS = NO;
				CLANG_ANALYZER_NONNULL = YES;
				CLANG_ANALYZER_NUMBER_OBJECT_CONVERSION = YES_AGGRESSIVE;
				CLANG_CXX_LANGUAGE_STANDARD = "gnu++14";
				CLANG_CXX_LIBRARY = "libc++";
				CLANG_ENABLE_MODULES = YES;
				CLANG_ENABLE_OBJC_ARC = YES;
				CLANG_WARN_BLOCK_CAPTURE_AUTORELEASING = YES;
				CLANG_WARN_BOOL_CONVERSION = YES;
				CLANG_WARN_COMMA = YES;
				CLANG_WARN_CONSTANT_CONVERSION = YES;
				CLANG_WARN_DIRECT_OBJC_ISA_USAGE = YES_ERROR;
				CLANG_WARN_DOCUMENTATION_COMMENTS = YES;
				CLANG_WARN_EMPTY_BODY = YES;
				CLANG_WARN_ENUM_CONVERSION = YES;
				CLANG_WARN_INFINITE_RECURSION = YES;
				CLANG_WARN_INT_CONVERSION = YES;
				CLANG_WARN_NON_LITERAL_NULL_CONVERSION = YES;
				CLANG_WARN_OBJC_LITERAL_CONVERSION = YES;
				CLANG_WARN_OBJC_ROOT_CLASS = YES_ERROR;
				CLANG_WARN_RANGE_LOOP_ANALYSIS = YES;
				CLANG_WARN_STRICT_PROTOTYPES = YES;
				CLANG_WARN_SUSPICIOUS_MOVE = YES;
				CLANG_WARN_UNGUARDED_AVAILABILITY = YES_AGGRESSIVE;
				CLANG_WARN_UNREACHABLE_CODE = YES;
				CLANG_WARN__DUPLICATE_METHOD_MATCH = YES;
				CODE_SIGN_IDENTITY = "iPhone Developer";
				COPY_PHASE_STRIP = NO;
				DEBUG_INFORMATION_FORMAT = dwarf;
				ENABLE_STRICT_OBJC_MSGSEND = YES;
				ENABLE_TESTABILITY = YES;
				GCC_C_LANGUAGE_STANDARD = gnu11;
				GCC_DYNAMIC_NO_PIC = NO;
				GCC_NO_COMMON_BLOCKS = YES;
				GCC_OPTIMIZATION_LEVEL = 0;
				GCC_PREPROCESSOR_DEFINITIONS = (
					"DEBUG=1",
					"$(inherited)",
				);
				GCC_WARN_64_TO_32_BIT_CONVERSION = YES;
				GCC_WARN_ABOUT_RETURN_TYPE = YES_ERROR;
				GCC_WARN_UNDECLARED_SELECTOR = YES;
				GCC_WARN_UNINITIALIZED_AUTOS = YES_AGGRESSIVE;
				GCC_WARN_UNUSED_FUNCTION = YES;
				GCC_WARN_UNUSED_VARIABLE = YES;
				IPHONEOS_DEPLOYMENT_TARGET = 11.2;
				MTL_ENABLE_DEBUG_INFO = YES;
				ONLY_ACTIVE_ARCH = YES;
				SDKROOT = iphoneos;
				SWIFT_ACTIVE_COMPILATION_CONDITIONS = DEBUG;
				SWIFT_OPTIMIZATION_LEVEL = "-Onone";
			};
			name = Debug;
		};
		5D0A21EF20B40EBB00645902 /* Release */ = {
			isa = XCBuildConfiguration;
			buildSettings = {
				ALWAYS_SEARCH_USER_PATHS = NO;
				CLANG_ANALYZER_NONNULL = YES;
				CLANG_ANALYZER_NUMBER_OBJECT_CONVERSION = YES_AGGRESSIVE;
				CLANG_CXX_LANGUAGE_STANDARD = "gnu++14";
				CLANG_CXX_LIBRARY = "libc++";
				CLANG_ENABLE_MODULES = YES;
				CLANG_ENABLE_OBJC_ARC = YES;
				CLANG_WARN_BLOCK_CAPTURE_AUTORELEASING = YES;
				CLANG_WARN_BOOL_CONVERSION = YES;
				CLANG_WARN_COMMA = YES;
				CLANG_WARN_CONSTANT_CONVERSION = YES;
				CLANG_WARN_DIRECT_OBJC_ISA_USAGE = YES_ERROR;
				CLANG_WARN_DOCUMENTATION_COMMENTS = YES;
				CLANG_WARN_EMPTY_BODY = YES;
				CLANG_WARN_ENUM_CONVERSION = YES;
				CLANG_WARN_INFINITE_RECURSION = YES;
				CLANG_WARN_INT_CONVERSION = YES;
				CLANG_WARN_NON_LITERAL_NULL_CONVERSION = YES;
				CLANG_WARN_OBJC_LITERAL_CONVERSION = YES;
				CLANG_WARN_OBJC_ROOT_CLASS = YES_ERROR;
				CLANG_WARN_RANGE_LOOP_ANALYSIS = YES;
				CLANG_WARN_STRICT_PROTOTYPES = YES;
				CLANG_WARN_SUSPICIOUS_MOVE = YES;
				CLANG_WARN_UNGUARDED_AVAILABILITY = YES_AGGRESSIVE;
				CLANG_WARN_UNREACHABLE_CODE = YES;
				CLANG_WARN__DUPLICATE_METHOD_MATCH = YES;
				CODE_SIGN_IDENTITY = "iPhone Developer";
				COPY_PHASE_STRIP = NO;
				DEBUG_INFORMATION_FORMAT = "dwarf-with-dsym";
				ENABLE_NS_ASSERTIONS = NO;
				ENABLE_STRICT_OBJC_MSGSEND = YES;
				GCC_C_LANGUAGE_STANDARD = gnu11;
				GCC_NO_COMMON_BLOCKS = YES;
				GCC_WARN_64_TO_32_BIT_CONVERSION = YES;
				GCC_WARN_ABOUT_RETURN_TYPE = YES_ERROR;
				GCC_WARN_UNDECLARED_SELECTOR = YES;
				GCC_WARN_UNINITIALIZED_AUTOS = YES_AGGRESSIVE;
				GCC_WARN_UNUSED_FUNCTION = YES;
				GCC_WARN_UNUSED_VARIABLE = YES;
				IPHONEOS_DEPLOYMENT_TARGET = 11.2;
				MTL_ENABLE_DEBUG_INFO = NO;
				SDKROOT = iphoneos;
				SWIFT_OPTIMIZATION_LEVEL = "-Owholemodule";
				VALIDATE_PRODUCT = YES;
			};
			name = Release;
		};
		5D0A21F120B40EBB00645902 /* Debug */ = {
			isa = XCBuildConfiguration;
			buildSettings = {
				ASSETCATALOG_COMPILER_APPICON_NAME = AppIcon;
				CODE_SIGN_STYLE = Automatic;
				DEVELOPMENT_TEAM = L37QDG4F27;
				INFOPLIST_FILE = SwipeZoomOutSample/Info.plist;
				LD_RUNPATH_SEARCH_PATHS = "$(inherited) @executable_path/Frameworks";
				PRODUCT_BUNDLE_IDENTIFIER = com.bunguu.SwipeZoomOutSample;
				PRODUCT_NAME = "$(TARGET_NAME)";
				SWIFT_VERSION = 4.0;
				TARGETED_DEVICE_FAMILY = "1,2";
			};
			name = Debug;
		};
		5D0A21F220B40EBB00645902 /* Release */ = {
			isa = XCBuildConfiguration;
			buildSettings = {
				ASSETCATALOG_COMPILER_APPICON_NAME = AppIcon;
				CODE_SIGN_STYLE = Automatic;
				DEVELOPMENT_TEAM = L37QDG4F27;
				INFOPLIST_FILE = SwipeZoomOutSample/Info.plist;
				LD_RUNPATH_SEARCH_PATHS = "$(inherited) @executable_path/Frameworks";
				PRODUCT_BUNDLE_IDENTIFIER = com.bunguu.SwipeZoomOutSample;
				PRODUCT_NAME = "$(TARGET_NAME)";
				SWIFT_VERSION = 4.0;
				TARGETED_DEVICE_FAMILY = "1,2";
			};
			name = Release;
		};
/* End XCBuildConfiguration section */

/* Begin XCConfigurationList section */
		5D0A21D920B40EBB00645902 /* Build configuration list for PBXProject "SwipeZoomOutSample" */ = {
			isa = XCConfigurationList;
			buildConfigurations = (
				5D0A21EE20B40EBB00645902 /* Debug */,
				5D0A21EF20B40EBB00645902 /* Release */,
			);
			defaultConfigurationIsVisible = 0;
			defaultConfigurationName = Release;
		};
		5D0A21F020B40EBB00645902 /* Build configuration list for PBXNativeTarget "SwipeZoomOutSample" */ = {
			isa = XCConfigurationList;
			buildConfigurations = (
				5D0A21F120B40EBB00645902 /* Debug */,
				5D0A21F220B40EBB00645902 /* Release */,
			);
			defaultConfigurationIsVisible = 0;
			defaultConfigurationName = Release;
		};
/* End XCConfigurationList section */
	};
	rootObject = 5D0A21D620B40EBB00645902 /* Project object */;
}
